# This file is automatically @generated by Cargo.
# It is not intended for manual editing.
version = 4

[[package]]
name = "cc"
version = "1.4.0"
source = "registry+https://github.com/rust-lang/crates.io-index"
checksum = "5add81bb678e6cb321aff7fa0dc7689ad82b112dbc032cea19f91d6b8e3582b9"
dependencies = [
 "find-msvc-tools",
 "shlex",
]

[[package]]
name = "find-msvc-tools"
version = "0.1.9"
source = "registry+https://github.com/rust-lang/crates.io-index"
checksum = "5baebc0774151f905a1a2cc41989300b1e6fbb29aff0ceffa1064fdd3088d582"

[[package]]
name = "interflop_bitmask"
version = "2.5.1"
dependencies = [
 "interflop_stdlib",
 "libc",
]

[[package]]
name = "interflop_cancellation"
version = "2.5.1"
dependencies = [
 "cc",
 "interflop_stdlib",
 "libc",
]

[[package]]
name = "interflop_ieee"
version = "2.5.1"
dependencies = [
 "interflop_stdlib",
 "libc",
]

[[package]]
name = "interflop_mcaint"
version = "2.5.1"
dependencies = [
 "interflop_stdlib",
 "libc",
]

[[package]]
name = "interflop_mcaquad"
version = "2.5.1"
dependencies = [
 "interflop_stdlib",
 "libc",
]

[[package]]
name = "interflop_stdlib"
version = "2.5.1"
dependencies = [
 "cc",
 "lazy_static",
 "libc",
]

[[package]]
name = "interflop_vprec"
version = "2.5.1"
dependencies = [
 "cc",
 "interflop_stdlib",
 "libc",
]

[[package]]
name = "lazy_static"
version = "1.5.0"
source = "registry+https://github.com/rust-lang/crates.io-index"
checksum = "bbd2bcb4c963f2ddae06a2efc7e9f3591312473c50c6685e1f298068316e66fe"

[[package]]
name = "libc"
version = "0.2.189"
source = "registry+https://github.com/rust-lang/crates.io-index"
checksum = "3eaf3ede3fee6db1a4c2ee091bf8a8b4dccdc6d17f656fb07896ee72867612f2"

[[package]]
name = "once_cell"
version = "1.21.4"
source = "registry+https://github.com/rust-lang/crates.io-index"
checksum = "9f7c3e4beb33f85d45ae3e3a1792185706c8e16d043238c593331cc7cd313b50"

[[package]]
name = "shlex"
version = "2.0.1"
source = "registry+https://github.com/rust-lang/crates.io-index"
checksum = "f8fadd59c855ef2080decdef8ff161eb6661b86933c9d82e5ba29dc602a55aba"

[[package]]
name = "vfc_probes"
version = "2.5.1"
dependencies = [
 "interflop_stdlib",
 "libc",
 "once_cell",
]

[[package]]
name = "vfcwrapper"
version = "2.5.1"
dependencies = [
 "interflop_stdlib",
 "libc",
]
